
Microsoft Visual Studio Solution File, Format Version 12.00
Project("{FAE04EC0-301F-11D3-BF4B-00C04F79EFBC}") = "GFAT", "GFAT\GFAT.csproj", "{0C5ED76F-CDA0-41A6-84C3-76CB44B70308}"
EndProject
Project("{2150E333-8FDC-42A3-9474-1A3956D46DE8}") = "Domain", "Domain", "{804EC9FC-8B89-47A9-B9B7-677F955E777C}"
EndProject
Project("{FAE04EC0-301F-11D3-BF4B-00C04F79EFBC}") = "GFAT.Domain", "GFAT.Domain\GFAT.Domain.csproj", "{329AE3DB-F565-4F0D-B57C-236B0E7418E9}"
EndProject
Project("{2150E333-8FDC-42A3-9474-1A3956D46DE8}") = "DALL", "DALL", "{01904755-E86D-4119-9DF9-E4FDB1BCD629}"
EndProject
Project("{FAE04EC0-301F-11D3-BF4B-00C04F79EFBC}") = "GFAT.DALL", "GFAT.DALL\GFAT.DALL.csproj", "{BE94B113-20CE-4277-9F94-BCBA41934F08}"
EndProject
Project("{2150E333-8FDC-42A3-9474-1A3956D46DE8}") = "Service", "Service", "{96F99511-3967-4BCF-80F6-2B15DA0163E3}"
EndProject
Project("{FAE04EC0-301F-11D3-BF4B-00C04F79EFBC}") = "GFAT.Service", "GFAT.Service\GFAT.Service.csproj", "{D57E900E-7844-4848-BDED-252D8129081C}"
EndProject
Global
	GlobalSection(SolutionConfigurationPlatforms) = preSolution
		Debug|Any CPU = Debug|Any CPU
		Release|Any CPU = Release|Any CPU
	EndGlobalSection
	GlobalSection(ProjectConfigurationPlatforms) = postSolution
		{0C5ED76F-CDA0-41A6-84C3-76CB44B70308}.Debug|Any CPU.ActiveCfg = Debug|Any CPU
		{0C5ED76F-CDA0-41A6-84C3-76CB44B70308}.Debug|Any CPU.Build.0 = Debug|Any CPU
		{0C5ED76F-CDA0-41A6-84C3-76CB44B70308}.Release|Any CPU.ActiveCfg = Release|Any CPU
		{0C5ED76F-CDA0-41A6-84C3-76CB44B70308}.Release|Any CPU.Build.0 = Release|Any CPU
		{329AE3DB-F565-4F0D-B57C-236B0E7418E9}.Debug|Any CPU.ActiveCfg = Debug|Any CPU
		{329AE3DB-F565-4F0D-B57C-236B0E7418E9}.Debug|Any CPU.Build.0 = Debug|Any CPU
		{329AE3DB-F565-4F0D-B57C-236B0E7418E9}.Release|Any CPU.ActiveCfg = Release|Any CPU
		{329AE3DB-F565-4F0D-B57C-236B0E7418E9}.Release|Any CPU.Build.0 = Release|Any CPU
		{BE94B113-20CE-4277-9F94-BCBA41934F08}.Debug|Any CPU.ActiveCfg = Debug|Any CPU
		{BE94B113-20CE-4277-9F94-BCBA41934F08}.Debug|Any CPU.Build.0 = Debug|Any CPU
		{BE94B113-20CE-4277-9F94-BCBA41934F08}.Release|Any CPU.ActiveCfg = Release|Any CPU
		{BE94B113-20CE-4277-9F94-BCBA41934F08}.Release|Any CPU.Build.0 = Release|Any CPU
		{D57E900E-7844-4848-BDED-252D8129081C}.Debug|Any CPU.ActiveCfg = Debug|Any CPU
		{D57E900E-7844-4848-BDED-252D8129081C}.Debug|Any CPU.Build.0 = Debug|Any CPU
		{D57E900E-7844-4848-BDED-252D8129081C}.Release|Any CPU.ActiveCfg = Release|Any CPU
		{D57E900E-7844-4848-BDED-252D8129081C}.Release|Any CPU.Build.0 = Release|Any CPU
	EndGlobalSection
	GlobalSection(NestedProjects) = preSolution
		{329AE3DB-F565-4F0D-B57C-236B0E7418E9} = {804EC9FC-8B89-47A9-B9B7-677F955E777C}
		{BE94B113-20CE-4277-9F94-BCBA41934F08} = {01904755-E86D-4119-9DF9-E4FDB1BCD629}
		{D57E900E-7844-4848-BDED-252D8129081C} = {96F99511-3967-4BCF-80F6-2B15DA0163E3}
	EndGlobalSection
EndGlobal
